
Microsoft Visual Studio Solution File, Format Version 12.00
# Visual Studio Version 17
VisualStudioVersion = 17.11.35219.272
MinimumVisualStudioVersion = 10.0.40219.1
Project("{9A19103F-16F7-4668-BE54-9A1E7A4F7556}") = "Eventure.API", "Eventure.API\Eventure.API.csproj", "{EDA6357A-13B3-4D7C-80C3-1370BD55C387}"
EndProject
Project("{9A19103F-16F7-4668-BE54-9A1E7A4F7556}") = "Eventure.Domain", "Eventure.Domain\Eventure.Domain.csproj", "{C59B1E07-9E7B-461F-A087-43F472649250}"
EndProject
Project("{9A19103F-16F7-4668-BE54-9A1E7A4F7556}") = "Eventure.DB", "Eventure.DB\Eventure.DB.csproj", "{1F09C59E-7C92-4BD6-AA53-8F515671D013}"
EndProject
Project("{9A19103F-16F7-4668-BE54-9A1E7A4F7556}") = "Eventure.Application", "Eventure.Application\Eventure.Application.csproj", "{3E52A5F0-BAFC-4FDB-BBD6-40D5CE666549}"
EndProject
Project("{E53339B2-1760-4266-BCC7-CA923CBCF16C}") = "docker-compose", "docker-compose.dcproj", "{48DDA417-AD3E-45B1-AF91-7958BECCE884}"
EndProject
Project("{2150E333-8FDC-42A3-9474-1A3956D46DE8}") = "Event.API", "Event.API", "{2D69C5EF-3336-4726-ABA3-4F62234EDDDA}"
EndProject
Project("{2150E333-8FDC-42A3-9474-1A3956D46DE8}") = "AuthService", "AuthService", "{A6368297-5D6E-4453-A785-EB4C76386D43}"
EndProject
Project("{9A19103F-16F7-4668-BE54-9A1E7A4F7556}") = "AuthService.API", "AuthService.API\AuthService.API.csproj", "{CE378F14-CEC6-481A-9327-C5E24F1B344B}"
EndProject
Project("{9A19103F-16F7-4668-BE54-9A1E7A4F7556}") = "AuthService.Infrastructure", "AuthService.Infrastructure\AuthService.Infrastructure.csproj", "{D5A3A9E9-EF14-4B32-B1CE-5F4ABF4C9DAB}"
EndProject
Project("{9A19103F-16F7-4668-BE54-9A1E7A4F7556}") = "AuthService.Domain", "AuthService.Domain\AuthService.Domain.csproj", "{CF9D7AF1-E2F0-42B9-981C-1F8285C45047}"
EndProject
Project("{9A19103F-16F7-4668-BE54-9A1E7A4F7556}") = "AuthService.Application", "AuthService.Application\AuthService.Application.csproj", "{EA850B71-3E5F-4A8B-8B37-DE15896D3C4D}"
EndProject
Project("{2150E333-8FDC-42A3-9474-1A3956D46DE8}") = "EmailService", "EmailService", "{4C59F8BF-DEAE-458D-A85C-4F267466982F}"
EndProject
Project("{9A19103F-16F7-4668-BE54-9A1E7A4F7556}") = "EmailService.API", "EmailService.API\EmailService.API.csproj", "{C08D44A8-0979-4616-ADC4-B5476EE65CD5}"
EndProject
Project("{9A19103F-16F7-4668-BE54-9A1E7A4F7556}") = "EmailService.Application", "EmailService.Application\EmailService.Application.csproj", "{33D4C971-B668-45F0-9CE1-F7E489E17346}"
EndProject
Project("{9A19103F-16F7-4668-BE54-9A1E7A4F7556}") = "EmailService.Domain", "EmailService.Domain\EmailService.Domain.csproj", "{39FB51C1-6275-4AAD-B86E-85E9E67AF86B}"
EndProject
Project("{9A19103F-16F7-4668-BE54-9A1E7A4F7556}") = "EmailService.Infrastructure", "EmailService.Infrastructure\EmailService.Infrastructure.csproj", "{DF64FBCC-35CA-417D-8086-BE38FD9AD756}"
EndProject
Project("{FAE04EC0-301F-11D3-BF4B-00C04F79EFBC}") = "ApiGateway", "ApiGateway\ApiGateway.csproj", "{B031FFC3-934F-433A-9FF6-1CB2EDDA8A6A}"
EndProject
Global
	GlobalSection(SolutionConfigurationPlatforms) = preSolution
		Debug|Any CPU = Debug|Any CPU
		Release|Any CPU = Release|Any CPU
	EndGlobalSection
	GlobalSection(ProjectConfigurationPlatforms) = postSolution
		{EDA6357A-13B3-4D7C-80C3-1370BD55C387}.Debug|Any CPU.ActiveCfg = Debug|Any CPU
		{EDA6357A-13B3-4D7C-80C3-1370BD55C387}.Debug|Any CPU.Build.0 = Debug|Any CPU
		{EDA6357A-13B3-4D7C-80C3-1370BD55C387}.Release|Any CPU.ActiveCfg = Release|Any CPU
		{EDA6357A-13B3-4D7C-80C3-1370BD55C387}.Release|Any CPU.Build.0 = Release|Any CPU
		{C59B1E07-9E7B-461F-A087-43F472649250}.Debug|Any CPU.ActiveCfg = Debug|Any CPU
		{C59B1E07-9E7B-461F-A087-43F472649250}.Debug|Any CPU.Build.0 = Debug|Any CPU
		{C59B1E07-9E7B-461F-A087-43F472649250}.Release|Any CPU.ActiveCfg = Release|Any CPU
		{C59B1E07-9E7B-461F-A087-43F472649250}.Release|Any CPU.Build.0 = Release|Any CPU
		{1F09C59E-7C92-4BD6-AA53-8F515671D013}.Debug|Any CPU.ActiveCfg = Debug|Any CPU
		{1F09C59E-7C92-4BD6-AA53-8F515671D013}.Debug|Any CPU.Build.0 = Debug|Any CPU
		{1F09C59E-7C92-4BD6-AA53-8F515671D013}.Release|Any CPU.ActiveCfg = Release|Any CPU
		{1F09C59E-7C92-4BD6-AA53-8F515671D013}.Release|Any CPU.Build.0 = Release|Any CPU
		{3E52A5F0-BAFC-4FDB-BBD6-40D5CE666549}.Debug|Any CPU.ActiveCfg = Debug|Any CPU
		{3E52A5F0-BAFC-4FDB-BBD6-40D5CE666549}.Debug|Any CPU.Build.0 = Debug|Any CPU
		{3E52A5F0-BAFC-4FDB-BBD6-40D5CE666549}.Release|Any CPU.ActiveCfg = Release|Any CPU
		{3E52A5F0-BAFC-4FDB-BBD6-40D5CE666549}.Release|Any CPU.Build.0 = Release|Any CPU
		{48DDA417-AD3E-45B1-AF91-7958BECCE884}.Debug|Any CPU.ActiveCfg = Debug|Any CPU
		{48DDA417-AD3E-45B1-AF91-7958BECCE884}.Debug|Any CPU.Build.0 = Debug|Any CPU
		{48DDA417-AD3E-45B1-AF91-7958BECCE884}.Release|Any CPU.ActiveCfg = Release|Any CPU
		{48DDA417-AD3E-45B1-AF91-7958BECCE884}.Release|Any CPU.Build.0 = Release|Any CPU
		{CE378F14-CEC6-481A-9327-C5E24F1B344B}.Debug|Any CPU.ActiveCfg = Debug|Any CPU
		{CE378F14-CEC6-481A-9327-C5E24F1B344B}.Debug|Any CPU.Build.0 = Debug|Any CPU
		{CE378F14-CEC6-481A-9327-C5E24F1B344B}.Release|Any CPU.ActiveCfg = Release|Any CPU
		{CE378F14-CEC6-481A-9327-C5E24F1B344B}.Release|Any CPU.Build.0 = Release|Any CPU
		{D5A3A9E9-EF14-4B32-B1CE-5F4ABF4C9DAB}.Debug|Any CPU.ActiveCfg = Debug|Any CPU
		{D5A3A9E9-EF14-4B32-B1CE-5F4ABF4C9DAB}.Debug|Any CPU.Build.0 = Debug|Any CPU
		{D5A3A9E9-EF14-4B32-B1CE-5F4ABF4C9DAB}.Release|Any CPU.ActiveCfg = Release|Any CPU
		{D5A3A9E9-EF14-4B32-B1CE-5F4ABF4C9DAB}.Release|Any CPU.Build.0 = Release|Any CPU
		{CF9D7AF1-E2F0-42B9-981C-1F8285C45047}.Debug|Any CPU.ActiveCfg = Debug|Any CPU
		{CF9D7AF1-E2F0-42B9-981C-1F8285C45047}.Debug|Any CPU.Build.0 = Debug|Any CPU
		{CF9D7AF1-E2F0-42B9-981C-1F8285C45047}.Release|Any CPU.ActiveCfg = Release|Any CPU
		{CF9D7AF1-E2F0-42B9-981C-1F8285C45047}.Release|Any CPU.Build.0 = Release|Any CPU
		{EA850B71-3E5F-4A8B-8B37-DE15896D3C4D}.Debug|Any CPU.ActiveCfg = Debug|Any CPU
		{EA850B71-3E5F-4A8B-8B37-DE15896D3C4D}.Debug|Any CPU.Build.0 = Debug|Any CPU
		{EA850B71-3E5F-4A8B-8B37-DE15896D3C4D}.Release|Any CPU.ActiveCfg = Release|Any CPU
		{EA850B71-3E5F-4A8B-8B37-DE15896D3C4D}.Release|Any CPU.Build.0 = Release|Any CPU
		{C08D44A8-0979-4616-ADC4-B5476EE65CD5}.Debug|Any CPU.ActiveCfg = Debug|Any CPU
		{C08D44A8-0979-4616-ADC4-B5476EE65CD5}.Debug|Any CPU.Build.0 = Debug|Any CPU
		{C08D44A8-0979-4616-ADC4-B5476EE65CD5}.Release|Any CPU.ActiveCfg = Release|Any CPU
		{C08D44A8-0979-4616-ADC4-B5476EE65CD5}.Release|Any CPU.Build.0 = Release|Any CPU
		{33D4C971-B668-45F0-9CE1-F7E489E17346}.Debug|Any CPU.ActiveCfg = Debug|Any CPU
		{33D4C971-B668-45F0-9CE1-F7E489E17346}.Debug|Any CPU.Build.0 = Debug|Any CPU
		{33D4C971-B668-45F0-9CE1-F7E489E17346}.Release|Any CPU.ActiveCfg = Release|Any CPU
		{33D4C971-B668-45F0-9CE1-F7E489E17346}.Release|Any CPU.Build.0 = Release|Any CPU
		{39FB51C1-6275-4AAD-B86E-85E9E67AF86B}.Debug|Any CPU.ActiveCfg = Debug|Any CPU
		{39FB51C1-6275-4AAD-B86E-85E9E67AF86B}.Debug|Any CPU.Build.0 = Debug|Any CPU
		{39FB51C1-6275-4AAD-B86E-85E9E67AF86B}.Release|Any CPU.ActiveCfg = Release|Any CPU
		{39FB51C1-6275-4AAD-B86E-85E9E67AF86B}.Release|Any CPU.Build.0 = Release|Any CPU
		{DF64FBCC-35CA-417D-8086-BE38FD9AD756}.Debug|Any CPU.ActiveCfg = Debug|Any CPU
		{DF64FBCC-35CA-417D-8086-BE38FD9AD756}.Debug|Any CPU.Build.0 = Debug|Any CPU
		{DF64FBCC-35CA-417D-8086-BE38FD9AD756}.Release|Any CPU.ActiveCfg = Release|Any CPU
		{DF64FBCC-35CA-417D-8086-BE38FD9AD756}.Release|Any CPU.Build.0 = Release|Any CPU
		{B031FFC3-934F-433A-9FF6-1CB2EDDA8A6A}.Debug|Any CPU.ActiveCfg = Debug|Any CPU
		{B031FFC3-934F-433A-9FF6-1CB2EDDA8A6A}.Debug|Any CPU.Build.0 = Debug|Any CPU
		{B031FFC3-934F-433A-9FF6-1CB2EDDA8A6A}.Release|Any CPU.ActiveCfg = Release|Any CPU
		{B031FFC3-934F-433A-9FF6-1CB2EDDA8A6A}.Release|Any CPU.Build.0 = Release|Any CPU
	EndGlobalSection
	GlobalSection(SolutionProperties) = preSolution
		HideSolutionNode = FALSE
	EndGlobalSection
	GlobalSection(NestedProjects) = preSolution
		{EDA6357A-13B3-4D7C-80C3-1370BD55C387} = {2D69C5EF-3336-4726-ABA3-4F62234EDDDA}
		{C59B1E07-9E7B-461F-A087-43F472649250} = {2D69C5EF-3336-4726-ABA3-4F62234EDDDA}
		{1F09C59E-7C92-4BD6-AA53-8F515671D013} = {2D69C5EF-3336-4726-ABA3-4F62234EDDDA}
		{3E52A5F0-BAFC-4FDB-BBD6-40D5CE666549} = {2D69C5EF-3336-4726-ABA3-4F62234EDDDA}
		{CE378F14-CEC6-481A-9327-C5E24F1B344B} = {A6368297-5D6E-4453-A785-EB4C76386D43}
		{D5A3A9E9-EF14-4B32-B1CE-5F4ABF4C9DAB} = {A6368297-5D6E-4453-A785-EB4C76386D43}
		{CF9D7AF1-E2F0-42B9-981C-1F8285C45047} = {A6368297-5D6E-4453-A785-EB4C76386D43}
		{EA850B71-3E5F-4A8B-8B37-DE15896D3C4D} = {A6368297-5D6E-4453-A785-EB4C76386D43}
		{C08D44A8-0979-4616-ADC4-B5476EE65CD5} = {4C59F8BF-DEAE-458D-A85C-4F267466982F}
		{33D4C971-B668-45F0-9CE1-F7E489E17346} = {4C59F8BF-DEAE-458D-A85C-4F267466982F}
		{39FB51C1-6275-4AAD-B86E-85E9E67AF86B} = {4C59F8BF-DEAE-458D-A85C-4F267466982F}
		{DF64FBCC-35CA-417D-8086-BE38FD9AD756} = {4C59F8BF-DEAE-458D-A85C-4F267466982F}
	EndGlobalSection
	GlobalSection(ExtensibilityGlobals) = postSolution
		SolutionGuid = {CD00EEBD-59DE-4DE0-8DF7-BF76E8F74074}
	EndGlobalSection
EndGlobal
